{
  "name": "@cs1193/blitz-core",
  "version": "0.0.0",
  "lockfileVersion": 1,
  "requires": true,
  "dependencies": {
    "@cs1193/blitz-lib-cloud-azure": {
      "version": "file:../blitz-lib-cloud-azure"
    },
    "@cs1193/blitz-lib-docker": {
      "version": "file:../blitz-lib-docker"
    },
    "@cs1193/blitz-lib-terraform": {
      "version": "file:../blitz-lib-terraform"
    }
  }
}
